
Microsoft Visual Studio Solution File, Format Version 12.00
# Visual Studio Version 17
VisualStudioVersion = 17.14.37012.4 d17.14
MinimumVisualStudioVersion = 10.0.40219.1
Project("{FAE04EC0-301F-11D3-BF4B-00C04F79EFBC}") = "webapp04", "webapp04\webapp04.csproj", "{5BEE1240-9B59-4005-87A2-78BEA098BA5F}"
EndProject
Global
	GlobalSection(SolutionConfigurationPlatforms) = preSolution
		Debug|Any CPU = Debug|Any CPU
		Release|Any CPU = Release|Any CPU
	EndGlobalSection
	GlobalSection(ProjectConfigurationPlatforms) = postSolution
		{5BEE1240-9B59-4005-87A2-78BEA098BA5F}.Debug|Any CPU.ActiveCfg = Debug|Any CPU
		{5BEE1240-9B59-4005-87A2-78BEA098BA5F}.Debug|Any CPU.Build.0 = Debug|Any CPU
		{5BEE1240-9B59-4005-87A2-78BEA098BA5F}.Release|Any CPU.ActiveCfg = Release|Any CPU
		{5BEE1240-9B59-4005-87A2-78BEA098BA5F}.Release|Any CPU.Build.0 = Release|Any CPU
	EndGlobalSection
	GlobalSection(SolutionProperties) = preSolution
		HideSolutionNode = FALSE
	EndGlobalSection
	GlobalSection(ExtensibilityGlobals) = postSolution
		SolutionGuid = {E8EE248E-442E-4A5F-B62F-B62B9D8DD549}
	EndGlobalSection
EndGlobal
